
Microsoft Visual Studio Solution File, Format Version 12.00
Project("{FAE04EC0-301F-11D3-BF4B-00C04F79EFBC}") = "Wsrc.Api", "Wsrc.Api\Wsrc.Api.csproj", "{A15132AA-35B3-459E-BB2D-F3CAED6F426D}"
EndProject
Project("{FAE04EC0-301F-11D3-BF4B-00C04F79EFBC}") = "Wsrc.Api.Data", "Wsrc.Api.Data\Wsrc.Api.Data.csproj", "{22C39E95-40D4-4FDE-84AF-5729B8572336}"
EndProject
Project("{FAE04EC0-301F-11D3-BF4B-00C04F79EFBC}") = "Wsrc.Api.Business", "Wsrc.Api.Business\Wsrc.Api.Business.csproj", "{183C35C9-534D-4626-BE56-D2B0A92C2852}"
EndProject
Global
	GlobalSection(SolutionConfigurationPlatforms) = preSolution
		Debug|Any CPU = Debug|Any CPU
		Release|Any CPU = Release|Any CPU
	EndGlobalSection
	GlobalSection(ProjectConfigurationPlatforms) = postSolution
		{A15132AA-35B3-459E-BB2D-F3CAED6F426D}.Debug|Any CPU.ActiveCfg = Debug|Any CPU
		{A15132AA-35B3-459E-BB2D-F3CAED6F426D}.Debug|Any CPU.Build.0 = Debug|Any CPU
		{A15132AA-35B3-459E-BB2D-F3CAED6F426D}.Release|Any CPU.ActiveCfg = Release|Any CPU
		{A15132AA-35B3-459E-BB2D-F3CAED6F426D}.Release|Any CPU.Build.0 = Release|Any CPU
		{22C39E95-40D4-4FDE-84AF-5729B8572336}.Debug|Any CPU.ActiveCfg = Debug|Any CPU
		{22C39E95-40D4-4FDE-84AF-5729B8572336}.Debug|Any CPU.Build.0 = Debug|Any CPU
		{22C39E95-40D4-4FDE-84AF-5729B8572336}.Release|Any CPU.ActiveCfg = Release|Any CPU
		{22C39E95-40D4-4FDE-84AF-5729B8572336}.Release|Any CPU.Build.0 = Release|Any CPU
		{183C35C9-534D-4626-BE56-D2B0A92C2852}.Debug|Any CPU.ActiveCfg = Debug|Any CPU
		{183C35C9-534D-4626-BE56-D2B0A92C2852}.Debug|Any CPU.Build.0 = Debug|Any CPU
		{183C35C9-534D-4626-BE56-D2B0A92C2852}.Release|Any CPU.ActiveCfg = Release|Any CPU
		{183C35C9-534D-4626-BE56-D2B0A92C2852}.Release|Any CPU.Build.0 = Release|Any CPU
	EndGlobalSection
EndGlobal
